
Microsoft Visual Studio Solution File, Format Version 12.00
# Visual Studio Version 16
VisualStudioVersion = 16.0.30907.101
MinimumVisualStudioVersion = 10.0.40219.1
Project("{FAE04EC0-301F-11D3-BF4B-00C04F79EFBC}") = "MagicTunnel", "MagicTunnel\MagicTunnel.csproj", "{BFEFF935-FF19-4489-8723-D01878228B55}"
EndProject
Project("{54435603-DBB4-11D2-8724-00A0C9A8B90C}") = "TunnelPackge", "tunnel\tunnel.vdproj", "{5794D7F7-7950-4295-8BDE-AAADD6BFC70E}"
EndProject
Project("{FAE04EC0-301F-11D3-BF4B-00C04F79EFBC}") = "TunnelWindowsService", "TunnelWindowsService\TunnelWindowsService.csproj", "{E525BF17-129C-4001-A093-F1FCFB5F9AA1}"
EndProject
Project("{9A19103F-16F7-4668-BE54-9A1E7A4F7556}") = "MagicTunnelModel", "MagicTunnelModel\MagicTunnelModel.csproj", "{450C8B3C-7DAD-4D05-900A-4815DEB61446}"
EndProject
Project("{9A19103F-16F7-4668-BE54-9A1E7A4F7556}") = "MagicTunnelBll", "MagicTunnelBll\MagicTunnelBll.csproj", "{CAC84C9D-64F9-48CC-A7BA-74E7BEFEAE93}"
EndProject
Global
	GlobalSection(SolutionConfigurationPlatforms) = preSolution
		Debug|Any CPU = Debug|Any CPU
		Release|Any CPU = Release|Any CPU
	EndGlobalSection
	GlobalSection(ProjectConfigurationPlatforms) = postSolution
		{BFEFF935-FF19-4489-8723-D01878228B55}.Debug|Any CPU.ActiveCfg = Debug|Any CPU
		{BFEFF935-FF19-4489-8723-D01878228B55}.Debug|Any CPU.Build.0 = Debug|Any CPU
		{BFEFF935-FF19-4489-8723-D01878228B55}.Release|Any CPU.ActiveCfg = Release|Any CPU
		{BFEFF935-FF19-4489-8723-D01878228B55}.Release|Any CPU.Build.0 = Release|Any CPU
		{5794D7F7-7950-4295-8BDE-AAADD6BFC70E}.Debug|Any CPU.ActiveCfg = Debug
		{5794D7F7-7950-4295-8BDE-AAADD6BFC70E}.Release|Any CPU.ActiveCfg = Release
		{E525BF17-129C-4001-A093-F1FCFB5F9AA1}.Debug|Any CPU.ActiveCfg = Debug|Any CPU
		{E525BF17-129C-4001-A093-F1FCFB5F9AA1}.Debug|Any CPU.Build.0 = Debug|Any CPU
		{E525BF17-129C-4001-A093-F1FCFB5F9AA1}.Release|Any CPU.ActiveCfg = Release|Any CPU
		{E525BF17-129C-4001-A093-F1FCFB5F9AA1}.Release|Any CPU.Build.0 = Release|Any CPU
		{450C8B3C-7DAD-4D05-900A-4815DEB61446}.Debug|Any CPU.ActiveCfg = Debug|Any CPU
		{450C8B3C-7DAD-4D05-900A-4815DEB61446}.Debug|Any CPU.Build.0 = Debug|Any CPU
		{450C8B3C-7DAD-4D05-900A-4815DEB61446}.Release|Any CPU.ActiveCfg = Release|Any CPU
		{450C8B3C-7DAD-4D05-900A-4815DEB61446}.Release|Any CPU.Build.0 = Release|Any CPU
		{CAC84C9D-64F9-48CC-A7BA-74E7BEFEAE93}.Debug|Any CPU.ActiveCfg = Debug|Any CPU
		{CAC84C9D-64F9-48CC-A7BA-74E7BEFEAE93}.Debug|Any CPU.Build.0 = Debug|Any CPU
		{CAC84C9D-64F9-48CC-A7BA-74E7BEFEAE93}.Release|Any CPU.ActiveCfg = Release|Any CPU
		{CAC84C9D-64F9-48CC-A7BA-74E7BEFEAE93}.Release|Any CPU.Build.0 = Release|Any CPU
	EndGlobalSection
	GlobalSection(SolutionProperties) = preSolution
		HideSolutionNode = FALSE
	EndGlobalSection
	GlobalSection(ExtensibilityGlobals) = postSolution
		SolutionGuid = {E3659893-5FE6-4861-9DF0-ECB5999DCFA0}
	EndGlobalSection
EndGlobal
